
Microsoft Visual Studio Solution File, Format Version 12.00
# Visual Studio Version 16
VisualStudioVersion = 16.0.29905.134
MinimumVisualStudioVersion = 10.0.40219.1
Project("{9092AA53-FB77-4645-B42D-1CCCA6BD08BD}") = "voice-recognition", "voice-recognition.njsproj", "{224968AB-60F5-4D7F-89DA-2ABF6CD4AEC7}"
EndProject
Global
	GlobalSection(SolutionConfigurationPlatforms) = preSolution
		Debug|Any CPU = Debug|Any CPU
		Release|Any CPU = Release|Any CPU
	EndGlobalSection
	GlobalSection(ProjectConfigurationPlatforms) = postSolution
		{224968AB-60F5-4D7F-89DA-2ABF6CD4AEC7}.Debug|Any CPU.ActiveCfg = Debug|Any CPU
		{224968AB-60F5-4D7F-89DA-2ABF6CD4AEC7}.Debug|Any CPU.Build.0 = Debug|Any CPU
		{224968AB-60F5-4D7F-89DA-2ABF6CD4AEC7}.Release|Any CPU.ActiveCfg = Release|Any CPU
		{224968AB-60F5-4D7F-89DA-2ABF6CD4AEC7}.Release|Any CPU.Build.0 = Release|Any CPU
	EndGlobalSection
	GlobalSection(SolutionProperties) = preSolution
		HideSolutionNode = FALSE
	EndGlobalSection
	GlobalSection(ExtensibilityGlobals) = postSolution
		SolutionGuid = {70EAE1A5-C863-413C-AD5C-E8147467A15D}
	EndGlobalSection
EndGlobal
