
Microsoft Visual Studio Solution File, Format Version 12.00
# Visual Studio Version 16
VisualStudioVersion = 16.0.29905.134
MinimumVisualStudioVersion = 10.0.40219.1
Project("{8BC9CEB8-8B4A-11D0-8D11-00A0C91BC942}") = "voiceRecognition", "voiceRecognition.vcxproj", "{82C6C2D0-1D8A-4BDA-9889-ECDA1080F264}"
EndProject
Global
	GlobalSection(SolutionConfigurationPlatforms) = preSolution
		Debug|x64 = Debug|x64
		Debug|x86 = Debug|x86
		Release|x64 = Release|x64
		Release|x86 = Release|x86
	EndGlobalSection
	GlobalSection(ProjectConfigurationPlatforms) = postSolution
		{82C6C2D0-1D8A-4BDA-9889-ECDA1080F264}.Debug|x64.ActiveCfg = Debug|x64
		{82C6C2D0-1D8A-4BDA-9889-ECDA1080F264}.Debug|x64.Build.0 = Debug|x64
		{82C6C2D0-1D8A-4BDA-9889-ECDA1080F264}.Debug|x86.ActiveCfg = Debug|Win32
		{82C6C2D0-1D8A-4BDA-9889-ECDA1080F264}.Debug|x86.Build.0 = Debug|Win32
		{82C6C2D0-1D8A-4BDA-9889-ECDA1080F264}.Release|x64.ActiveCfg = Release|x64
		{82C6C2D0-1D8A-4BDA-9889-ECDA1080F264}.Release|x64.Build.0 = Release|x64
		{82C6C2D0-1D8A-4BDA-9889-ECDA1080F264}.Release|x86.ActiveCfg = Release|Win32
		{82C6C2D0-1D8A-4BDA-9889-ECDA1080F264}.Release|x86.Build.0 = Release|Win32
	EndGlobalSection
	GlobalSection(SolutionProperties) = preSolution
		HideSolutionNode = FALSE
	EndGlobalSection
	GlobalSection(ExtensibilityGlobals) = postSolution
		SolutionGuid = {9F6B933B-386C-4F30-A0BE-014AA1ED9126}
	EndGlobalSection
EndGlobal
